
Microsoft Visual Studio Solution File, Format Version 12.00
# Visual Studio Version 16
VisualStudioVersion = 16.0.29709.97
MinimumVisualStudioVersion = 10.0.40219.1
Project("{FAE04EC0-301F-11D3-BF4B-00C04F79EFBC}") = "WebApplication1", "WebApplication1\WebApplication1.csproj", "{67EEA09B-31ED-4E5B-9C9D-500C389D33FC}"
EndProject
Global
	GlobalSection(SolutionConfigurationPlatforms) = preSolution
		Debug|Any CPU = Debug|Any CPU
		Release|Any CPU = Release|Any CPU
	EndGlobalSection
	GlobalSection(ProjectConfigurationPlatforms) = postSolution
		{67EEA09B-31ED-4E5B-9C9D-500C389D33FC}.Debug|Any CPU.ActiveCfg = Debug|Any CPU
		{67EEA09B-31ED-4E5B-9C9D-500C389D33FC}.Debug|Any CPU.Build.0 = Debug|Any CPU
		{67EEA09B-31ED-4E5B-9C9D-500C389D33FC}.Release|Any CPU.ActiveCfg = Release|Any CPU
		{67EEA09B-31ED-4E5B-9C9D-500C389D33FC}.Release|Any CPU.Build.0 = Release|Any CPU
	EndGlobalSection
	GlobalSection(SolutionProperties) = preSolution
		HideSolutionNode = FALSE
	EndGlobalSection
	GlobalSection(ExtensibilityGlobals) = postSolution
		SolutionGuid = {ECDE910A-97F7-4F5B-B64F-255BBA6FF54E}
	EndGlobalSection
EndGlobal
